
Microsoft Visual Studio Solution File, Format Version 12.00
# Visual Studio Version 16
VisualStudioVersion = 25.0.1703.6
MinimumVisualStudioVersion = 10.0.40219.1
Project("{FAE04EC0-301F-11D3-BF4B-00C04F79EFBC}") = "Exercise6", "Exercise6\Exercise6.csproj", "{91D95EA6-8CA7-4BF2-94DB-24A4D78925D7}"
EndProject
Project("{2150E333-8FDC-42A3-9474-1A3956D46DE8}") = "Solution Items", "Solution Items", "{48934E15-3ACA-4265-8B87-3E79B9172674}"
EndProject
Global
	GlobalSection(SolutionConfigurationPlatforms) = preSolution
		Debug|Any CPU = Debug|Any CPU
		Release|Any CPU = Release|Any CPU
	EndGlobalSection
	GlobalSection(ProjectConfigurationPlatforms) = postSolution
		{91D95EA6-8CA7-4BF2-94DB-24A4D78925D7}.Debug|Any CPU.ActiveCfg = Debug|Any CPU
		{91D95EA6-8CA7-4BF2-94DB-24A4D78925D7}.Debug|Any CPU.Build.0 = Debug|Any CPU
		{91D95EA6-8CA7-4BF2-94DB-24A4D78925D7}.Release|Any CPU.ActiveCfg = Release|Any CPU
		{91D95EA6-8CA7-4BF2-94DB-24A4D78925D7}.Release|Any CPU.Build.0 = Release|Any CPU
	EndGlobalSection
	GlobalSection(SolutionProperties) = preSolution
		HideSolutionNode = FALSE
	EndGlobalSection
	GlobalSection(ExtensibilityGlobals) = postSolution
		SolutionGuid = {8925AA56-5631-4DE8-81DE-788EE174674F}
	EndGlobalSection
EndGlobal
