
Microsoft Visual Studio Solution File, Format Version 12.00
# Visual Studio Version 17
VisualStudioVersion = 17.3.32825.248
MinimumVisualStudioVersion = 10.0.40219.1
Project("{FAE04EC0-301F-11D3-BF4B-00C04F79EFBC}") = "ObserverPattern", "ObserverPattern\ObserverPattern.csproj", "{CABC1CA6-D581-45D2-B97A-AA0369BFD4F9}"
EndProject
Global
	GlobalSection(SolutionConfigurationPlatforms) = preSolution
		Debug|Any CPU = Debug|Any CPU
		Release|Any CPU = Release|Any CPU
	EndGlobalSection
	GlobalSection(ProjectConfigurationPlatforms) = postSolution
		{CABC1CA6-D581-45D2-B97A-AA0369BFD4F9}.Debug|Any CPU.ActiveCfg = Debug|Any CPU
		{CABC1CA6-D581-45D2-B97A-AA0369BFD4F9}.Debug|Any CPU.Build.0 = Debug|Any CPU
		{CABC1CA6-D581-45D2-B97A-AA0369BFD4F9}.Release|Any CPU.ActiveCfg = Release|Any CPU
		{CABC1CA6-D581-45D2-B97A-AA0369BFD4F9}.Release|Any CPU.Build.0 = Release|Any CPU
	EndGlobalSection
	GlobalSection(SolutionProperties) = preSolution
		HideSolutionNode = FALSE
	EndGlobalSection
	GlobalSection(ExtensibilityGlobals) = postSolution
		SolutionGuid = {64A442F4-BE15-495A-9013-4BA0CBC72B4B}
	EndGlobalSection
EndGlobal
