
Microsoft Visual Studio Solution File, Format Version 12.00
# Visual Studio Version 17
VisualStudioVersion = 17.3.32819.101
MinimumVisualStudioVersion = 10.0.40219.1
Project("{FAE04EC0-301F-11D3-BF4B-00C04F79EFBC}") = "ReportGenerator", "ReportGenerator\ReportGenerator.csproj", "{17BACBA3-D08B-4079-A16F-CB90A2A57FC9}"
EndProject
Project("{FAE04EC0-301F-11D3-BF4B-00C04F79EFBC}") = "ClassLibrary", "ClassLibrary\ClassLibrary.csproj", "{46FE4D2C-F2BE-4AAA-A130-162EAF795B49}"
EndProject
Global
	GlobalSection(SolutionConfigurationPlatforms) = preSolution
		Debug|Any CPU = Debug|Any CPU
		Release|Any CPU = Release|Any CPU
	EndGlobalSection
	GlobalSection(ProjectConfigurationPlatforms) = postSolution
		{17BACBA3-D08B-4079-A16F-CB90A2A57FC9}.Debug|Any CPU.ActiveCfg = Debug|Any CPU
		{17BACBA3-D08B-4079-A16F-CB90A2A57FC9}.Debug|Any CPU.Build.0 = Debug|Any CPU
		{17BACBA3-D08B-4079-A16F-CB90A2A57FC9}.Release|Any CPU.ActiveCfg = Release|Any CPU
		{17BACBA3-D08B-4079-A16F-CB90A2A57FC9}.Release|Any CPU.Build.0 = Release|Any CPU
		{46FE4D2C-F2BE-4AAA-A130-162EAF795B49}.Debug|Any CPU.ActiveCfg = Debug|Any CPU
		{46FE4D2C-F2BE-4AAA-A130-162EAF795B49}.Debug|Any CPU.Build.0 = Debug|Any CPU
		{46FE4D2C-F2BE-4AAA-A130-162EAF795B49}.Release|Any CPU.ActiveCfg = Release|Any CPU
		{46FE4D2C-F2BE-4AAA-A130-162EAF795B49}.Release|Any CPU.Build.0 = Release|Any CPU
	EndGlobalSection
	GlobalSection(SolutionProperties) = preSolution
		HideSolutionNode = FALSE
	EndGlobalSection
	GlobalSection(ExtensibilityGlobals) = postSolution
		SolutionGuid = {E79912DC-0403-4D30-8155-1FC5F1000D75}
	EndGlobalSection
EndGlobal
