
Microsoft Visual Studio Solution File, Format Version 12.00
# Visual Studio Version 17
VisualStudioVersion = 17.3.32825.248
MinimumVisualStudioVersion = 10.0.40219.1
Project("{FAE04EC0-301F-11D3-BF4B-00C04F79EFBC}") = "StockPortfolio", "StockPortfolio\StockPortfolio.csproj", "{D5E2B782-E63A-4BB5-8271-426E69B4A059}"
EndProject
Project("{FAE04EC0-301F-11D3-BF4B-00C04F79EFBC}") = "Program", "Program\Program.csproj", "{1803DEB0-1664-413E-A175-DE53A2B27AFA}"
EndProject
Project("{FAE04EC0-301F-11D3-BF4B-00C04F79EFBC}") = "PortfolioDisplay", "PortfolioDisplay\PortfolioDisplay.csproj", "{BD2402A2-0EBC-434B-8EFC-39A712947BC5}"
EndProject
Global
	GlobalSection(SolutionConfigurationPlatforms) = preSolution
		Debug|Any CPU = Debug|Any CPU
		Release|Any CPU = Release|Any CPU
	EndGlobalSection
	GlobalSection(ProjectConfigurationPlatforms) = postSolution
		{D5E2B782-E63A-4BB5-8271-426E69B4A059}.Debug|Any CPU.ActiveCfg = Debug|Any CPU
		{D5E2B782-E63A-4BB5-8271-426E69B4A059}.Debug|Any CPU.Build.0 = Debug|Any CPU
		{D5E2B782-E63A-4BB5-8271-426E69B4A059}.Release|Any CPU.ActiveCfg = Release|Any CPU
		{D5E2B782-E63A-4BB5-8271-426E69B4A059}.Release|Any CPU.Build.0 = Release|Any CPU
		{1803DEB0-1664-413E-A175-DE53A2B27AFA}.Debug|Any CPU.ActiveCfg = Debug|Any CPU
		{1803DEB0-1664-413E-A175-DE53A2B27AFA}.Debug|Any CPU.Build.0 = Debug|Any CPU
		{1803DEB0-1664-413E-A175-DE53A2B27AFA}.Release|Any CPU.ActiveCfg = Release|Any CPU
		{1803DEB0-1664-413E-A175-DE53A2B27AFA}.Release|Any CPU.Build.0 = Release|Any CPU
		{BD2402A2-0EBC-434B-8EFC-39A712947BC5}.Debug|Any CPU.ActiveCfg = Debug|Any CPU
		{BD2402A2-0EBC-434B-8EFC-39A712947BC5}.Debug|Any CPU.Build.0 = Debug|Any CPU
		{BD2402A2-0EBC-434B-8EFC-39A712947BC5}.Release|Any CPU.ActiveCfg = Release|Any CPU
		{BD2402A2-0EBC-434B-8EFC-39A712947BC5}.Release|Any CPU.Build.0 = Release|Any CPU
	EndGlobalSection
	GlobalSection(SolutionProperties) = preSolution
		HideSolutionNode = FALSE
	EndGlobalSection
	GlobalSection(ExtensibilityGlobals) = postSolution
		SolutionGuid = {9222B4FE-7C0A-4CD9-B7A3-026FE544ED5B}
	EndGlobalSection
EndGlobal
