
Microsoft Visual Studio Solution File, Format Version 12.00
# Visual Studio Version 17
VisualStudioVersion = 17.3.32825.248
MinimumVisualStudioVersion = 10.0.40219.1
Project("{FAE04EC0-301F-11D3-BF4B-00C04F79EFBC}") = "OverTheHillsAndFarAway", "OverTheHillsAndFarAway\OverTheHillsAndFarAway.csproj", "{387602A4-D0BC-4824-84E1-557117CCE768}"
EndProject
Global
	GlobalSection(SolutionConfigurationPlatforms) = preSolution
		Debug|Any CPU = Debug|Any CPU
		Release|Any CPU = Release|Any CPU
	EndGlobalSection
	GlobalSection(ProjectConfigurationPlatforms) = postSolution
		{387602A4-D0BC-4824-84E1-557117CCE768}.Debug|Any CPU.ActiveCfg = Debug|Any CPU
		{387602A4-D0BC-4824-84E1-557117CCE768}.Debug|Any CPU.Build.0 = Debug|Any CPU
		{387602A4-D0BC-4824-84E1-557117CCE768}.Release|Any CPU.ActiveCfg = Release|Any CPU
		{387602A4-D0BC-4824-84E1-557117CCE768}.Release|Any CPU.Build.0 = Release|Any CPU
	EndGlobalSection
	GlobalSection(SolutionProperties) = preSolution
		HideSolutionNode = FALSE
	EndGlobalSection
	GlobalSection(ExtensibilityGlobals) = postSolution
		SolutionGuid = {006B30E6-8395-472C-B3B6-1FD839F8E04F}
	EndGlobalSection
EndGlobal
